
Microsoft Visual Studio Solution File, Format Version 12.00
# Visual Studio Version 17
VisualStudioVersion = 17.4.33110.190
MinimumVisualStudioVersion = 10.0.40219.1
Project("{FAE04EC0-301F-11D3-BF4B-00C04F79EFBC}") = "ForwardTestTask", "ForwardTestTask.csproj", "{A568C3F3-E33B-4140-B441-DB7ED522547B}"
EndProject
Global
	GlobalSection(SolutionConfigurationPlatforms) = preSolution
		Debug|Any CPU = Debug|Any CPU
		Release|Any CPU = Release|Any CPU
	EndGlobalSection
	GlobalSection(ProjectConfigurationPlatforms) = postSolution
		{A568C3F3-E33B-4140-B441-DB7ED522547B}.Debug|Any CPU.ActiveCfg = Debug|Any CPU
		{A568C3F3-E33B-4140-B441-DB7ED522547B}.Debug|Any CPU.Build.0 = Debug|Any CPU
		{A568C3F3-E33B-4140-B441-DB7ED522547B}.Release|Any CPU.ActiveCfg = Release|Any CPU
		{A568C3F3-E33B-4140-B441-DB7ED522547B}.Release|Any CPU.Build.0 = Release|Any CPU
	EndGlobalSection
	GlobalSection(SolutionProperties) = preSolution
		HideSolutionNode = FALSE
	EndGlobalSection
	GlobalSection(ExtensibilityGlobals) = postSolution
		SolutionGuid = {529D3CE0-4372-4F7A-B224-330297780396}
	EndGlobalSection
EndGlobal
